# THIS IS AN AUTOGENERATED FILE. DO NOT EDIT THIS FILE DIRECTLY.
# yarn lockfile v1


"@types/node@^14.0.5":
  version "14.0.11"
  resolved "https://registry.npm.taobao.org/@types/node/download/@types/node-14.0.11.tgz#61d4886e2424da73b7b25547f59fdcb534c165a3"
  integrity sha1-YdSIbiQk2nO3slVH9Z/ctTTBZaM=

"@types/validator@13.0.0":
  version "13.0.0"
  resolved "https://registry.npm.taobao.org/@types/validator/download/@types/validator-13.0.0.tgz#365f1bf936aeaddd0856fc41aa1d6f82d88ee5b3"
  integrity sha1-Nl8b+Taurd0IVvxBqh1vgtiO5bM=

class-transformer@^0.2.3:
  version "0.2.3"
  resolved "https://registry.npm.taobao.org/class-transformer/download/class-transformer-0.2.3.tgz#598c92ca71dcca73f91ccb875d74a3847ccfa32d"
  integrity sha1-WYySynHcynP5HMuHXXSjhHzPoy0=

class-validator@^0.12.2:
  version "0.12.2"
  resolved "https://registry.npm.taobao.org/class-validator/download/class-validator-0.12.2.tgz#2ceb72f88873e9c714cf5f9c278cbc71f6f6c8ef"
  integrity sha1-LOty+Ihz6ccUz1+cJ4y8cfb2yO8=
  dependencies:
    "@types/validator" "13.0.0"
    google-libphonenumber "^3.2.8"
    tslib ">=1.9.0"
    validator "13.0.0"

google-libphonenumber@^3.2.8:
  version "3.2.10"
  resolved "https://registry.npm.taobao.org/google-libphonenumber/download/google-libphonenumber-3.2.10.tgz#021a314652747d736a39e2e60dc670f0431425ad"
  integrity sha1-AhoxRlJ0fXNqOeLmDcZw8EMUJa0=

reflect-metadata@^0.1.13:
  version "0.1.13"
  resolved "https://registry.npm.taobao.org/reflect-metadata/download/reflect-metadata-0.1.13.tgz#67ae3ca57c972a2aa1642b10fe363fe32d49dc08"
  integrity sha1-Z648pXyXKiqhZCsQ/jY/4y1J3Ag=

tslib@>=1.9.0:
  version "2.0.0"
  resolved "https://registry.npm.taobao.org/tslib/download/tslib-2.0.0.tgz#18d13fc2dce04051e20f074cc8387fd8089ce4f3"
  integrity sha1-GNE/wtzgQFHiDwdMyDh/2Aic5PM=

validator@13.0.0:
  version "13.0.0"
  resolved "https://registry.npm.taobao.org/validator/download/validator-13.0.0.tgz?cache=0&sync_timestamp=1584675307928&other_urls=https%3A%2F%2Fregistry.npm.taobao.org%2Fvalidator%2Fdownload%2Fvalidator-13.0.0.tgz#0fb6c6bb5218ea23d368a8347e6d0f5a70e3bcab"
  integrity sha1-D7bGu1IY6iPTaKg0fm0PWnDjvKs=
